
Microsoft Visual Studio Solution File, Format Version 12.00
# Visual Studio Version 17
VisualStudioVersion = 17.7.34031.279
MinimumVisualStudioVersion = 10.0.40219.1
Project("{FAE04EC0-301F-11D3-BF4B-00C04F79EFBC}") = "Dynamodb webapi", "Dynamodb webapi\Dynamodb webapi.csproj", "{E784E842-CCA9-464B-BECC-0D083C0AA31D}"
EndProject
Global
	GlobalSection(SolutionConfigurationPlatforms) = preSolution
		Debug|Any CPU = Debug|Any CPU
		Release|Any CPU = Release|Any CPU
	EndGlobalSection
	GlobalSection(ProjectConfigurationPlatforms) = postSolution
		{E784E842-CCA9-464B-BECC-0D083C0AA31D}.Debug|Any CPU.ActiveCfg = Debug|Any CPU
		{E784E842-CCA9-464B-BECC-0D083C0AA31D}.Debug|Any CPU.Build.0 = Debug|Any CPU
		{E784E842-CCA9-464B-BECC-0D083C0AA31D}.Release|Any CPU.ActiveCfg = Release|Any CPU
		{E784E842-CCA9-464B-BECC-0D083C0AA31D}.Release|Any CPU.Build.0 = Release|Any CPU
	EndGlobalSection
	GlobalSection(SolutionProperties) = preSolution
		HideSolutionNode = FALSE
	EndGlobalSection
	GlobalSection(ExtensibilityGlobals) = postSolution
		SolutionGuid = {8D47B5E8-DA2F-4791-93A1-ACF44857AC50}
	EndGlobalSection
EndGlobal
